
Microsoft Visual Studio Solution File, Format Version 12.00
# Visual Studio 15
VisualStudioVersion = 15.0.27004.2005
MinimumVisualStudioVersion = 10.0.40219.1
Project("{8BC9CEB8-8B4A-11D0-8D11-00A0C91BC942}") = "210CT_Task 9", "210CT_Task 8\210CT_Task 8.vcxproj", "{D4221D19-D93E-406C-9C3C-878DAAEEB43E}"
EndProject
Project("{8BC9CEB8-8B4A-11D0-8D11-00A0C91BC942}") = "UnitTest1", "UnitTest1\UnitTest1.vcxproj", "{60F5EFDB-E80E-49D4-8172-6B1590E6C248}"
EndProject
Global
	GlobalSection(SolutionConfigurationPlatforms) = preSolution
		Debug|x64 = Debug|x64
		Debug|x86 = Debug|x86
		Release|x64 = Release|x64
		Release|x86 = Release|x86
	EndGlobalSection
	GlobalSection(ProjectConfigurationPlatforms) = postSolution
		{D4221D19-D93E-406C-9C3C-878DAAEEB43E}.Debug|x64.ActiveCfg = Debug|x64
		{D4221D19-D93E-406C-9C3C-878DAAEEB43E}.Debug|x64.Build.0 = Debug|x64
		{D4221D19-D93E-406C-9C3C-878DAAEEB43E}.Debug|x86.ActiveCfg = Debug|Win32
		{D4221D19-D93E-406C-9C3C-878DAAEEB43E}.Debug|x86.Build.0 = Debug|Win32
		{D4221D19-D93E-406C-9C3C-878DAAEEB43E}.Release|x64.ActiveCfg = Release|x64
		{D4221D19-D93E-406C-9C3C-878DAAEEB43E}.Release|x64.Build.0 = Release|x64
		{D4221D19-D93E-406C-9C3C-878DAAEEB43E}.Release|x86.ActiveCfg = Release|Win32
		{D4221D19-D93E-406C-9C3C-878DAAEEB43E}.Release|x86.Build.0 = Release|Win32
		{60F5EFDB-E80E-49D4-8172-6B1590E6C248}.Debug|x64.ActiveCfg = Debug|x64
		{60F5EFDB-E80E-49D4-8172-6B1590E6C248}.Debug|x64.Build.0 = Debug|x64
		{60F5EFDB-E80E-49D4-8172-6B1590E6C248}.Debug|x86.ActiveCfg = Debug|Win32
		{60F5EFDB-E80E-49D4-8172-6B1590E6C248}.Debug|x86.Build.0 = Debug|Win32
		{60F5EFDB-E80E-49D4-8172-6B1590E6C248}.Release|x64.ActiveCfg = Release|x64
		{60F5EFDB-E80E-49D4-8172-6B1590E6C248}.Release|x64.Build.0 = Release|x64
		{60F5EFDB-E80E-49D4-8172-6B1590E6C248}.Release|x86.ActiveCfg = Release|Win32
		{60F5EFDB-E80E-49D4-8172-6B1590E6C248}.Release|x86.Build.0 = Release|Win32
	EndGlobalSection
	GlobalSection(SolutionProperties) = preSolution
		HideSolutionNode = FALSE
	EndGlobalSection
	GlobalSection(ExtensibilityGlobals) = postSolution
		SolutionGuid = {AA737BE8-458D-49CE-A9F4-A20E561CB682}
	EndGlobalSection
EndGlobal
